{
  "nodes": {
    "flake-utils": {
      "locked": {
        "lastModified": 1637014545,
        "narHash": "sha256-26IZAc5yzlD9FlDT54io1oqG/bBoyka+FJk5guaX4x4=",
        "owner": "numtide",
        "repo": "flake-utils",
        "rev": "bba5dcc8e0b20ab664967ad83d24d64cb64ec4f4",
        "type": "github"
      },
      "original": {
        "owner": "numtide",
        "repo": "flake-utils",
        "type": "github"
      }
    },
    "nixpkgs_2009": {
      "locked": {
        "lastModified": 1636935165,
        "narHash": "sha256-J4smKTYTp8wJ57znUerWlS/QRgp0jcm/StcfIhsa5eA=",
        "owner": "nixos",
        "repo": "nixpkgs",
        "rev": "f7949198dcff52265b322ca8abf7450610e7e49e",
        "type": "github"
      },
      "original": {
        "owner": "nixos",
        "ref": "release-20.09",
        "repo": "nixpkgs",
        "type": "github"
      }
    },
    "nixpkgs_2105": {
      "locked": {
        "lastModified": 1637497871,
        "narHash": "sha256-UXjWFjZSQW56Ax2fKspG0aezeRmV7j4WAbkbnZpIFtk=",
        "owner": "nixos",
        "repo": "nixpkgs",
        "rev": "d5c4e868ce3783a95bc1dd898777f09af7ff69ee",
        "type": "github"
      },
      "original": {
        "owner": "nixos",
        "ref": "release-21.05",
        "repo": "nixpkgs",
        "type": "github"
      }
    },
    "root": {
      "inputs": {
        "flake-utils": "flake-utils",
        "nixpkgs_2009": "nixpkgs_2009",
        "nixpkgs_2105": "nixpkgs_2105",
        "unstable": "unstable"
      }
    },
    "unstable": {
      "locked": {
        "lastModified": 1637453606,
        "narHash": "sha256-Gy6cwUswft9xqsjWxFYEnx/63/qzaFUwatcbV5GF/GQ=",
        "owner": "nixos",
        "repo": "nixpkgs",
        "rev": "8afc4e543663ca0a6a4f496262cd05233737e732",
        "type": "github"
      },
      "original": {
        "owner": "nixos",
        "ref": "nixpkgs-unstable",
        "repo": "nixpkgs",
        "type": "github"
      }
    }
  },
  "root": "root",
  "version": 7
}
