{
  "nodes": {
    "flake-utils": {
      "locked": {
        "lastModified": 1618217525,
        "narHash": "sha256-WGrhVczjXTiswQaoxQ+0PTfbLNeOQM6M36zvLn78AYg=",
        "owner": "numtide",
        "repo": "flake-utils",
        "rev": "c6169a2772643c4a93a0b5ac1c61e296cba68544",
        "type": "github"
      },
      "original": {
        "owner": "numtide",
        "repo": "flake-utils",
        "type": "github"
      }
    },
    "root": {
      "inputs": {
        "flake-utils": "flake-utils",
        "stable": "stable",
        "unstable": "unstable"
      }
    },
    "stable": {
      "locked": {
        "lastModified": 1618441087,
        "narHash": "sha256-NIuHLPxSNu5OXf9T/bY+pY7mgUVRdbFFjJfMUIM7CPw=",
        "owner": "nixos",
        "repo": "nixpkgs",
        "rev": "389249fa9b35b3071b4ccf71a3c065e7791934df",
        "type": "github"
      },
      "original": {
        "owner": "nixos",
        "ref": "nixos-20.09",
        "repo": "nixpkgs",
        "type": "github"
      }
    },
    "unstable": {
      "locked": {
        "lastModified": 1618499499,
        "narHash": "sha256-2DFWiEnI7JcgM3qKMTGEcq0VrsyutaYMDOCbCF7dDiA=",
        "owner": "nixos",
        "repo": "nixpkgs",
        "rev": "5268ee2ebacbc73875be42d71e60c2b5c1b5a1c7",
        "type": "github"
      },
      "original": {
        "owner": "nixos",
        "ref": "nixpkgs-unstable",
        "repo": "nixpkgs",
        "type": "github"
      }
    }
  },
  "root": "root",
  "version": 7
}
